
Microsoft Visual Studio Solution File, Format Version 12.00
# Visual Studio Version 17
VisualStudioVersion = 17.5.33530.505
MinimumVisualStudioVersion = 10.0.40219.1
Project("{FAE04EC0-301F-11D3-BF4B-00C04F79EFBC}") = "Domain", "Domain\Domain.csproj", "{5708D92F-431A-4479-AE07-8C4DA9F5DE9E}"
EndProject
Project("{FAE04EC0-301F-11D3-BF4B-00C04F79EFBC}") = "Application", "Application\Application.csproj", "{654DDD98-4FBF-471B-A4EF-4CB900C41466}"
EndProject
Project("{FAE04EC0-301F-11D3-BF4B-00C04F79EFBC}") = "Infrastructure", "Infrastructure\Infrastructure.csproj", "{FC811F2B-9752-4DC5-9487-597381AFA26E}"
EndProject
Project("{FAE04EC0-301F-11D3-BF4B-00C04F79EFBC}") = "UI", "UI\UI.csproj", "{CD6BBC6F-17A6-43F5-9CE4-7DD9CC58EE5E}"
EndProject
Global
	GlobalSection(SolutionConfigurationPlatforms) = preSolution
		Debug|Any CPU = Debug|Any CPU
		Release|Any CPU = Release|Any CPU
	EndGlobalSection
	GlobalSection(ProjectConfigurationPlatforms) = postSolution
		{5708D92F-431A-4479-AE07-8C4DA9F5DE9E}.Debug|Any CPU.ActiveCfg = Debug|Any CPU
		{5708D92F-431A-4479-AE07-8C4DA9F5DE9E}.Debug|Any CPU.Build.0 = Debug|Any CPU
		{5708D92F-431A-4479-AE07-8C4DA9F5DE9E}.Release|Any CPU.ActiveCfg = Release|Any CPU
		{5708D92F-431A-4479-AE07-8C4DA9F5DE9E}.Release|Any CPU.Build.0 = Release|Any CPU
		{654DDD98-4FBF-471B-A4EF-4CB900C41466}.Debug|Any CPU.ActiveCfg = Debug|Any CPU
		{654DDD98-4FBF-471B-A4EF-4CB900C41466}.Debug|Any CPU.Build.0 = Debug|Any CPU
		{654DDD98-4FBF-471B-A4EF-4CB900C41466}.Release|Any CPU.ActiveCfg = Release|Any CPU
		{654DDD98-4FBF-471B-A4EF-4CB900C41466}.Release|Any CPU.Build.0 = Release|Any CPU
		{FC811F2B-9752-4DC5-9487-597381AFA26E}.Debug|Any CPU.ActiveCfg = Debug|Any CPU
		{FC811F2B-9752-4DC5-9487-597381AFA26E}.Debug|Any CPU.Build.0 = Debug|Any CPU
		{FC811F2B-9752-4DC5-9487-597381AFA26E}.Release|Any CPU.ActiveCfg = Release|Any CPU
		{FC811F2B-9752-4DC5-9487-597381AFA26E}.Release|Any CPU.Build.0 = Release|Any CPU
		{CD6BBC6F-17A6-43F5-9CE4-7DD9CC58EE5E}.Debug|Any CPU.ActiveCfg = Debug|Any CPU
		{CD6BBC6F-17A6-43F5-9CE4-7DD9CC58EE5E}.Debug|Any CPU.Build.0 = Debug|Any CPU
		{CD6BBC6F-17A6-43F5-9CE4-7DD9CC58EE5E}.Release|Any CPU.ActiveCfg = Release|Any CPU
		{CD6BBC6F-17A6-43F5-9CE4-7DD9CC58EE5E}.Release|Any CPU.Build.0 = Release|Any CPU
	EndGlobalSection
	GlobalSection(SolutionProperties) = preSolution
		HideSolutionNode = FALSE
	EndGlobalSection
	GlobalSection(ExtensibilityGlobals) = postSolution
		SolutionGuid = {E810007B-7231-4861-B5B3-0D7682C137FF}
	EndGlobalSection
EndGlobal
